
Microsoft Visual Studio Solution File, Format Version 12.00
# Visual Studio Version 17
VisualStudioVersion = 17.1.32210.238
MinimumVisualStudioVersion = 10.0.40219.1
Project("{FAE04EC0-301F-11D3-BF4B-00C04F79EFBC}") = "FirstASP", "FirstASP\FirstASP.csproj", "{1CC0D797-6667-4E65-9969-E06A23D9851E}"
EndProject
Global
	GlobalSection(SolutionConfigurationPlatforms) = preSolution
		Debug|Any CPU = Debug|Any CPU
		Release|Any CPU = Release|Any CPU
	EndGlobalSection
	GlobalSection(ProjectConfigurationPlatforms) = postSolution
		{1CC0D797-6667-4E65-9969-E06A23D9851E}.Debug|Any CPU.ActiveCfg = Debug|Any CPU
		{1CC0D797-6667-4E65-9969-E06A23D9851E}.Debug|Any CPU.Build.0 = Debug|Any CPU
		{1CC0D797-6667-4E65-9969-E06A23D9851E}.Release|Any CPU.ActiveCfg = Release|Any CPU
		{1CC0D797-6667-4E65-9969-E06A23D9851E}.Release|Any CPU.Build.0 = Release|Any CPU
	EndGlobalSection
	GlobalSection(SolutionProperties) = preSolution
		HideSolutionNode = FALSE
	EndGlobalSection
	GlobalSection(ExtensibilityGlobals) = postSolution
		SolutionGuid = {6012DF04-B4FE-41D5-9E51-AEA7AE577BF0}
	EndGlobalSection
EndGlobal
